
Microsoft Visual Studio Solution File, Format Version 12.00
Project("{FAE04EC0-301F-11D3-BF4B-00C04F79EFBC}") = "Sidio.RevenueCat", "src\Sidio.RevenueCat\Sidio.RevenueCat.csproj", "{6FA8977A-7796-4585-8B5B-2A3962EA4B66}"
EndProject
Project("{2150E333-8FDC-42A3-9474-1A3956D46DE8}") = "Src", "Src", "{C1E71605-FACC-45BE-920E-CA28CD039CE4}"
EndProject
Project("{2150E333-8FDC-42A3-9474-1A3956D46DE8}") = "Tests", "Tests", "{03B0397E-E392-4C0E-8B88-A3E884F4EB64}"
EndProject
Project("{2150E333-8FDC-42A3-9474-1A3956D46DE8}") = "SolutionItems", "SolutionItems", "{8A28614B-AFF2-4D40-A97F-E9CC3299BB91}"
	ProjectSection(SolutionItems) = preProject
		.gitignore = .gitignore
		LICENSE = LICENSE
		README.md = README.md
		SECURITY.md = SECURITY.md
	EndProjectSection
EndProject
Project("{FAE04EC0-301F-11D3-BF4B-00C04F79EFBC}") = "Sidio.RevenueCat.Tests", "src\Sidio.RevenueCat.Tests\Sidio.RevenueCat.Tests.csproj", "{2B15D9FF-99D9-4D50-BBA2-159A1E8B48A8}"
EndProject
Project("{2150E333-8FDC-42A3-9474-1A3956D46DE8}") = "Workflows", "Workflows", "{4FB399C5-DA44-4C3E-BADC-67B3D6A99BDD}"
	ProjectSection(SolutionItems) = preProject
		.github\dependabot.yml = .github\dependabot.yml
		.github\workflows\build.yml = .github\workflows\build.yml
		.github\workflows\release.yml = .github\workflows\release.yml
		.github\workflows\dependabot-autoapprove.yml = .github\workflows\dependabot-autoapprove.yml
	EndProjectSection
EndProject
Global
	GlobalSection(SolutionConfigurationPlatforms) = preSolution
		Debug|Any CPU = Debug|Any CPU
		Release|Any CPU = Release|Any CPU
	EndGlobalSection
	GlobalSection(ProjectConfigurationPlatforms) = postSolution
		{6FA8977A-7796-4585-8B5B-2A3962EA4B66}.Debug|Any CPU.ActiveCfg = Debug|Any CPU
		{6FA8977A-7796-4585-8B5B-2A3962EA4B66}.Debug|Any CPU.Build.0 = Debug|Any CPU
		{6FA8977A-7796-4585-8B5B-2A3962EA4B66}.Release|Any CPU.ActiveCfg = Release|Any CPU
		{6FA8977A-7796-4585-8B5B-2A3962EA4B66}.Release|Any CPU.Build.0 = Release|Any CPU
		{2B15D9FF-99D9-4D50-BBA2-159A1E8B48A8}.Debug|Any CPU.ActiveCfg = Debug|Any CPU
		{2B15D9FF-99D9-4D50-BBA2-159A1E8B48A8}.Debug|Any CPU.Build.0 = Debug|Any CPU
		{2B15D9FF-99D9-4D50-BBA2-159A1E8B48A8}.Release|Any CPU.ActiveCfg = Release|Any CPU
		{2B15D9FF-99D9-4D50-BBA2-159A1E8B48A8}.Release|Any CPU.Build.0 = Release|Any CPU
	EndGlobalSection
	GlobalSection(NestedProjects) = preSolution
		{6FA8977A-7796-4585-8B5B-2A3962EA4B66} = {C1E71605-FACC-45BE-920E-CA28CD039CE4}
		{2B15D9FF-99D9-4D50-BBA2-159A1E8B48A8} = {03B0397E-E392-4C0E-8B88-A3E884F4EB64}
	EndGlobalSection
EndGlobal
